// !$*UTF8*$!
{
	archiveVersion = 1;
	classes = {
	};
	objectVersion = 56;
	objects = {

/* Begin PBXBuildFile section */
		1B46DD102B2C322700406C71 /* TCACalculatorApp.swift in Sources */ = {isa = PBXBuildFile; fileRef = 1B46DD0F2B2C322700406C71 /* TCACalculatorApp.swift */; };
		1B46DD122B2C322700406C71 /* CalculatorView.swift in Sources */ = {isa = PBXBuildFile; fileRef = 1B46DD112B2C322700406C71 /* CalculatorView.swift */; };
		1B46DD142B2C322900406C71 /* Assets.xcassets in Resources */ = {isa = PBXBuildFile; fileRef = 1B46DD132B2C322900406C71 /* Assets.xcassets */; };
		1B46DD172B2C322900406C71 /* Preview Assets.xcassets in Resources */ = {isa = PBXBuildFile; fileRef = 1B46DD162B2C322900406C71 /* Preview Assets.xcassets */; };
		1B46DD212B2C322900406C71 /* TCACalculatorTests.swift in Sources */ = {isa = PBXBuildFile; fileRef = 1B46DD202B2C322900406C71 /* TCACalculatorTests.swift */; };
		1B46DD2B2B2C322900406C71 /* TCACalculatorUITests.swift in Sources */ = {isa = PBXBuildFile; fileRef = 1B46DD2A2B2C322900406C71 /* TCACalculatorUITests.swift */; };
		1B46DD2D2B2C322900406C71 /* TCACalculatorUITestsLaunchTests.swift in Sources */ = {isa = PBXBuildFile; fileRef = 1B46DD2C2B2C322900406C71 /* TCACalculatorUITestsLaunchTests.swift */; };
		1B46DD3B2B2C327C00406C71 /* ComposableArchitecture in Frameworks */ = {isa = PBXBuildFile; productRef = 1B46DD3A2B2C327C00406C71 /* ComposableArchitecture */; };
		1B46DD3D2B2C34F900406C71 /* CalculatorFeature.swift in Sources */ = {isa = PBXBuildFile; fileRef = 1B46DD3C2B2C34F900406C71 /* CalculatorFeature.swift */; };
		1B72BD692B2C4BF7009D13CB /* ResultMessageView.swift in Sources */ = {isa = PBXBuildFile; fileRef = 1B72BD682B2C4BF7009D13CB /* ResultMessageView.swift */; };
		1B72BD6B2B2D791B009D13CB /* ResultUseCase.swift in Sources */ = {isa = PBXBuildFile; fileRef = 1B72BD6A2B2D791B009D13CB /* ResultUseCase.swift */; };
/* End PBXBuildFile section */

/* Begin PBXContainerItemProxy section */
		1B46DD1D2B2C322900406C71 /* PBXContainerItemProxy */ = {
			isa = PBXContainerItemProxy;
			containerPortal = 1B46DD042B2C322700406C71 /* Project object */;
			proxyType = 1;
			remoteGlobalIDString = 1B46DD0B2B2C322700406C71;
			remoteInfo = TCACalculator;
		};
		1B46DD272B2C322900406C71 /* PBXContainerItemProxy */ = {
			isa = PBXContainerItemProxy;
			containerPortal = 1B46DD042B2C322700406C71 /* Project object */;
			proxyType = 1;
			remoteGlobalIDString = 1B46DD0B2B2C322700406C71;
			remoteInfo = TCACalculator;
		};
/* End PBXContainerItemProxy section */

/* Begin PBXFileReference section */
		1B46DD0C2B2C322700406C71 /* TCACalculator.app */ = {isa = PBXFileReference; explicitFileType = wrapper.application; includeInIndex = 0; path = TCACalculator.app; sourceTree = BUILT_PRODUCTS_DIR; };
		1B46DD0F2B2C322700406C71 /* TCACalculatorApp.swift */ = {isa = PBXFileReference; lastKnownFileType = sourcecode.swift; path = TCACalculatorApp.swift; sourceTree = "<group>"; };
		1B46DD112B2C322700406C71 /* CalculatorView.swift */ = {isa = PBXFileReference; lastKnownFileType = sourcecode.swift; path = CalculatorView.swift; sourceTree = "<group>"; };
		1B46DD132B2C322900406C71 /* Assets.xcassets */ = {isa = PBXFileReference; lastKnownFileType = folder.assetcatalog; path = Assets.xcassets; sourceTree = "<group>"; };
		1B46DD162B2C322900406C71 /* Preview Assets.xcassets */ = {isa = PBXFileReference; lastKnownFileType = folder.assetcatalog; path = "Preview Assets.xcassets"; sourceTree = "<group>"; };
		1B46DD1C2B2C322900406C71 /* TCACalculatorTests.xctest */ = {isa = PBXFileReference; explicitFileType = wrapper.cfbundle; includeInIndex = 0; path = TCACalculatorTests.xctest; sourceTree = BUILT_PRODUCTS_DIR; };
		1B46DD202B2C322900406C71 /* TCACalculatorTests.swift */ = {isa = PBXFileReference; lastKnownFileType = sourcecode.swift; path = TCACalculatorTests.swift; sourceTree = "<group>"; };
		1B46DD262B2C322900406C71 /* TCACalculatorUITests.xctest */ = {isa = PBXFileReference; explicitFileType = wrapper.cfbundle; includeInIndex = 0; path = TCACalculatorUITests.xctest; sourceTree = BUILT_PRODUCTS_DIR; };
		1B46DD2A2B2C322900406C71 /* TCACalculatorUITests.swift */ = {isa = PBXFileReference; lastKnownFileType = sourcecode.swift; path = TCACalculatorUITests.swift; sourceTree = "<group>"; };
		1B46DD2C2B2C322900406C71 /* TCACalculatorUITestsLaunchTests.swift */ = {isa = PBXFileReference; lastKnownFileType = sourcecode.swift; path = TCACalculatorUITestsLaunchTests.swift; sourceTree = "<group>"; };
		1B46DD3C2B2C34F900406C71 /* CalculatorFeature.swift */ = {isa = PBXFileReference; lastKnownFileType = sourcecode.swift; path = CalculatorFeature.swift; sourceTree = "<group>"; };
		1B72BD682B2C4BF7009D13CB /* ResultMessageView.swift */ = {isa = PBXFileReference; lastKnownFileType = sourcecode.swift; path = ResultMessageView.swift; sourceTree = "<group>"; };
		1B72BD6A2B2D791B009D13CB /* ResultUseCase.swift */ = {isa = PBXFileReference; lastKnownFileType = sourcecode.swift; path = ResultUseCase.swift; sourceTree = "<group>"; };
/* End PBXFileReference section */

/* Begin PBXFrameworksBuildPhase section */
		1B46DD092B2C322700406C71 /* Frameworks */ = {
			isa = PBXFrameworksBuildPhase;
			buildActionMask = 2147483647;
			files = (
				1B46DD3B2B2C327C00406C71 /* ComposableArchitecture in Frameworks */,
			);
			runOnlyForDeploymentPostprocessing = 0;
		};
		1B46DD192B2C322900406C71 /* Frameworks */ = {
			isa = PBXFrameworksBuildPhase;
			buildActionMask = 2147483647;
			files = (
			);
			runOnlyForDeploymentPostprocessing = 0;
		};
		1B46DD232B2C322900406C71 /* Frameworks */ = {
			isa = PBXFrameworksBuildPhase;
			buildActionMask = 2147483647;
			files = (
			);
			runOnlyForDeploymentPostprocessing = 0;
		};
/* End PBXFrameworksBuildPhase section */

/* Begin PBXGroup section */
		1B46DD032B2C322700406C71 = {
			isa = PBXGroup;
			children = (
				1B46DD0E2B2C322700406C71 /* TCACalculator */,
				1B46DD1F2B2C322900406C71 /* TCACalculatorTests */,
				1B46DD292B2C322900406C71 /* TCACalculatorUITests */,
				1B46DD0D2B2C322700406C71 /* Products */,
			);
			sourceTree = "<group>";
		};
		1B46DD0D2B2C322700406C71 /* Products */ = {
			isa = PBXGroup;
			children = (
				1B46DD0C2B2C322700406C71 /* TCACalculator.app */,
				1B46DD1C2B2C322900406C71 /* TCACalculatorTests.xctest */,
				1B46DD262B2C322900406C71 /* TCACalculatorUITests.xctest */,
			);
			name = Products;
			sourceTree = "<group>";
		};
		1B46DD0E2B2C322700406C71 /* TCACalculator */ = {
			isa = PBXGroup;
			children = (
				1B46DD0F2B2C322700406C71 /* TCACalculatorApp.swift */,
				1B72BD6A2B2D791B009D13CB /* ResultUseCase.swift */,
				1B46DD112B2C322700406C71 /* CalculatorView.swift */,
				1B46DD3C2B2C34F900406C71 /* CalculatorFeature.swift */,
				1B72BD682B2C4BF7009D13CB /* ResultMessageView.swift */,
				1B46DD132B2C322900406C71 /* Assets.xcassets */,
				1B46DD152B2C322900406C71 /* Preview Content */,
			);
			path = TCACalculator;
			sourceTree = "<group>";
		};
		1B46DD152B2C322900406C71 /* Preview Content */ = {
			isa = PBXGroup;
			children = (
				1B46DD162B2C322900406C71 /* Preview Assets.xcassets */,
			);
			path = "Preview Content";
			sourceTree = "<group>";
		};
		1B46DD1F2B2C322900406C71 /* TCACalculatorTests */ = {
			isa = PBXGroup;
			children = (
				1B46DD202B2C322900406C71 /* TCACalculatorTests.swift */,
			);
			path = TCACalculatorTests;
			sourceTree = "<group>";
		};
		1B46DD292B2C322900406C71 /* TCACalculatorUITests */ = {
			isa = PBXGroup;
			children = (
				1B46DD2A2B2C322900406C71 /* TCACalculatorUITests.swift */,
				1B46DD2C2B2C322900406C71 /* TCACalculatorUITestsLaunchTests.swift */,
			);
			path = TCACalculatorUITests;
			sourceTree = "<group>";
		};
/* End PBXGroup section */

/* Begin PBXNativeTarget section */
		1B46DD0B2B2C322700406C71 /* TCACalculator */ = {
			isa = PBXNativeTarget;
			buildConfigurationList = 1B46DD302B2C322900406C71 /* Build configuration list for PBXNativeTarget "TCACalculator" */;
			buildPhases = (
				1B46DD082B2C322700406C71 /* Sources */,
				1B46DD092B2C322700406C71 /* Frameworks */,
				1B46DD0A2B2C322700406C71 /* Resources */,
			);
			buildRules = (
			);
			dependencies = (
			);
			name = TCACalculator;
			packageProductDependencies = (
				1B46DD3A2B2C327C00406C71 /* ComposableArchitecture */,
			);
			productName = TCACalculator;
			productReference = 1B46DD0C2B2C322700406C71 /* TCACalculator.app */;
			productType = "com.apple.product-type.application";
		};
		1B46DD1B2B2C322900406C71 /* TCACalculatorTests */ = {
			isa = PBXNativeTarget;
			buildConfigurationList = 1B46DD332B2C322900406C71 /* Build configuration list for PBXNativeTarget "TCACalculatorTests" */;
			buildPhases = (
				1B46DD182B2C322900406C71 /* Sources */,
				1B46DD192B2C322900406C71 /* Frameworks */,
				1B46DD1A2B2C322900406C71 /* Resources */,
			);
			buildRules = (
			);
			dependencies = (
				1B46DD1E2B2C322900406C71 /* PBXTargetDependency */,
			);
			name = TCACalculatorTests;
			productName = TCACalculatorTests;
			productReference = 1B46DD1C2B2C322900406C71 /* TCACalculatorTests.xctest */;
			productType = "com.apple.product-type.bundle.unit-test";
		};
		1B46DD252B2C322900406C71 /* TCACalculatorUITests */ = {
			isa = PBXNativeTarget;
			buildConfigurationList = 1B46DD362B2C322900406C71 /* Build configuration list for PBXNativeTarget "TCACalculatorUITests" */;
			buildPhases = (
				1B46DD222B2C322900406C71 /* Sources */,
				1B46DD232B2C322900406C71 /* Frameworks */,
				1B46DD242B2C322900406C71 /* Resources */,
			);
			buildRules = (
			);
			dependencies = (
				1B46DD282B2C322900406C71 /* PBXTargetDependency */,
			);
			name = TCACalculatorUITests;
			productName = TCACalculatorUITests;
			productReference = 1B46DD262B2C322900406C71 /* TCACalculatorUITests.xctest */;
			productType = "com.apple.product-type.bundle.ui-testing";
		};
/* End PBXNativeTarget section */

/* Begin PBXProject section */
		1B46DD042B2C322700406C71 /* Project object */ = {
			isa = PBXProject;
			attributes = {
				BuildIndependentTargetsInParallel = 1;
				LastSwiftUpdateCheck = 1510;
				LastUpgradeCheck = 1510;
				TargetAttributes = {
					1B46DD0B2B2C322700406C71 = {
						CreatedOnToolsVersion = 15.1;
					};
					1B46DD1B2B2C322900406C71 = {
						CreatedOnToolsVersion = 15.1;
						TestTargetID = 1B46DD0B2B2C322700406C71;
					};
					1B46DD252B2C322900406C71 = {
						CreatedOnToolsVersion = 15.1;
						TestTargetID = 1B46DD0B2B2C322700406C71;
					};
				};
			};
			buildConfigurationList = 1B46DD072B2C322700406C71 /* Build configuration list for PBXProject "TCACalculator" */;
			compatibilityVersion = "Xcode 14.0";
			developmentRegion = en;
			hasScannedForEncodings = 0;
			knownRegions = (
				en,
				Base,
			);
			mainGroup = 1B46DD032B2C322700406C71;
			packageReferences = (
				1B46DD392B2C327C00406C71 /* XCRemoteSwiftPackageReference "swift-composable-architecture" */,
			);
			productRefGroup = 1B46DD0D2B2C322700406C71 /* Products */;
			projectDirPath = "";
			projectRoot = "";
			targets = (
				1B46DD0B2B2C322700406C71 /* TCACalculator */,
				1B46DD1B2B2C322900406C71 /* TCACalculatorTests */,
				1B46DD252B2C322900406C71 /* TCACalculatorUITests */,
			);
		};
/* End PBXProject section */

/* Begin PBXResourcesBuildPhase section */
		1B46DD0A2B2C322700406C71 /* Resources */ = {
			isa = PBXResourcesBuildPhase;
			buildActionMask = 2147483647;
			files = (
				1B46DD172B2C322900406C71 /* Preview Assets.xcassets in Resources */,
				1B46DD142B2C322900406C71 /* Assets.xcassets in Resources */,
			);
			runOnlyForDeploymentPostprocessing = 0;
		};
		1B46DD1A2B2C322900406C71 /* Resources */ = {
			isa = PBXResourcesBuildPhase;
			buildActionMask = 2147483647;
			files = (
			);
			runOnlyForDeploymentPostprocessing = 0;
		};
		1B46DD242B2C322900406C71 /* Resources */ = {
			isa = PBXResourcesBuildPhase;
			buildActionMask = 2147483647;
			files = (
			);
			runOnlyForDeploymentPostprocessing = 0;
		};
/* End PBXResourcesBuildPhase section */

/* Begin PBXSourcesBuildPhase section */
		1B46DD082B2C322700406C71 /* Sources */ = {
			isa = PBXSourcesBuildPhase;
			buildActionMask = 2147483647;
			files = (
				1B46DD3D2B2C34F900406C71 /* CalculatorFeature.swift in Sources */,
				1B72BD692B2C4BF7009D13CB /* ResultMessageView.swift in Sources */,
				1B72BD6B2B2D791B009D13CB /* ResultUseCase.swift in Sources */,
				1B46DD122B2C322700406C71 /* CalculatorView.swift in Sources */,
				1B46DD102B2C322700406C71 /* TCACalculatorApp.swift in Sources */,
			);
			runOnlyForDeploymentPostprocessing = 0;
		};
		1B46DD182B2C322900406C71 /* Sources */ = {
			isa = PBXSourcesBuildPhase;
			buildActionMask = 2147483647;
			files = (
				1B46DD212B2C322900406C71 /* TCACalculatorTests.swift in Sources */,
			);
			runOnlyForDeploymentPostprocessing = 0;
		};
		1B46DD222B2C322900406C71 /* Sources */ = {
			isa = PBXSourcesBuildPhase;
			buildActionMask = 2147483647;
			files = (
				1B46DD2B2B2C322900406C71 /* TCACalculatorUITests.swift in Sources */,
				1B46DD2D2B2C322900406C71 /* TCACalculatorUITestsLaunchTests.swift in Sources */,
			);
			runOnlyForDeploymentPostprocessing = 0;
		};
/* End PBXSourcesBuildPhase section */

/* Begin PBXTargetDependency section */
		1B46DD1E2B2C322900406C71 /* PBXTargetDependency */ = {
			isa = PBXTargetDependency;
			target = 1B46DD0B2B2C322700406C71 /* TCACalculator */;
			targetProxy = 1B46DD1D2B2C322900406C71 /* PBXContainerItemProxy */;
		};
		1B46DD282B2C322900406C71 /* PBXTargetDependency */ = {
			isa = PBXTargetDependency;
			target = 1B46DD0B2B2C322700406C71 /* TCACalculator */;
			targetProxy = 1B46DD272B2C322900406C71 /* PBXContainerItemProxy */;
		};
/* End PBXTargetDependency section */

/* Begin XCBuildConfiguration section */
		1B46DD2E2B2C322900406C71 /* Debug */ = {
			isa = XCBuildConfiguration;
			buildSettings = {
				ALWAYS_SEARCH_USER_PATHS = NO;
				ASSETCATALOG_COMPILER_GENERATE_SWIFT_ASSET_SYMBOL_EXTENSIONS = YES;
				CLANG_ANALYZER_NONNULL = YES;
				CLANG_ANALYZER_NUMBER_OBJECT_CONVERSION = YES_AGGRESSIVE;
				CLANG_CXX_LANGUAGE_STANDARD = "gnu++20";
				CLANG_ENABLE_MODULES = YES;
				CLANG_ENABLE_OBJC_ARC = YES;
				CLANG_ENABLE_OBJC_WEAK = YES;
				CLANG_WARN_BLOCK_CAPTURE_AUTORELEASING = YES;
				CLANG_WARN_BOOL_CONVERSION = YES;
				CLANG_WARN_COMMA = YES;
				CLANG_WARN_CONSTANT_CONVERSION = YES;
				CLANG_WARN_DEPRECATED_OBJC_IMPLEMENTATIONS = YES;
				CLANG_WARN_DIRECT_OBJC_ISA_USAGE = YES_ERROR;
				CLANG_WARN_DOCUMENTATION_COMMENTS = YES;
				CLANG_WARN_EMPTY_BODY = YES;
				CLANG_WARN_ENUM_CONVERSION = YES;
				CLANG_WARN_INFINITE_RECURSION = YES;
				CLANG_WARN_INT_CONVERSION = YES;
				CLANG_WARN_NON_LITERAL_NULL_CONVERSION = YES;
				CLANG_WARN_OBJC_IMPLICIT_RETAIN_SELF = YES;
				CLANG_WARN_OBJC_LITERAL_CONVERSION = YES;
				CLANG_WARN_OBJC_ROOT_CLASS = YES_ERROR;
				CLANG_WARN_QUOTED_INCLUDE_IN_FRAMEWORK_HEADER = YES;
				CLANG_WARN_RANGE_LOOP_ANALYSIS = YES;
				CLANG_WARN_STRICT_PROTOTYPES = YES;
				CLANG_WARN_SUSPICIOUS_MOVE = YES;
				CLANG_WARN_UNGUARDED_AVAILABILITY = YES_AGGRESSIVE;
				CLANG_WARN_UNREACHABLE_CODE = YES;
				CLANG_WARN__DUPLICATE_METHOD_MATCH = YES;
				COPY_PHASE_STRIP = NO;
				DEBUG_INFORMATION_FORMAT = dwarf;
				ENABLE_STRICT_OBJC_MSGSEND = YES;
				ENABLE_TESTABILITY = YES;
				ENABLE_USER_SCRIPT_SANDBOXING = YES;
				GCC_C_LANGUAGE_STANDARD = gnu17;
				GCC_DYNAMIC_NO_PIC = NO;
				GCC_NO_COMMON_BLOCKS = YES;
				GCC_OPTIMIZATION_LEVEL = 0;
				GCC_PREPROCESSOR_DEFINITIONS = (
					"DEBUG=1",
					"$(inherited)",
				);
				GCC_WARN_64_TO_32_BIT_CONVERSION = YES;
				GCC_WARN_ABOUT_RETURN_TYPE = YES_ERROR;
				GCC_WARN_UNDECLARED_SELECTOR = YES;
				GCC_WARN_UNINITIALIZED_AUTOS = YES_AGGRESSIVE;
				GCC_WARN_UNUSED_FUNCTION = YES;
				GCC_WARN_UNUSED_VARIABLE = YES;
				IPHONEOS_DEPLOYMENT_TARGET = 17.2;
				LOCALIZATION_PREFERS_STRING_CATALOGS = YES;
				MTL_ENABLE_DEBUG_INFO = INCLUDE_SOURCE;
				MTL_FAST_MATH = YES;
				ONLY_ACTIVE_ARCH = YES;
				SDKROOT = iphoneos;
				SWIFT_ACTIVE_COMPILATION_CONDITIONS = "DEBUG $(inherited)";
				SWIFT_OPTIMIZATION_LEVEL = "-Onone";
			};
			name = Debug;
		};
		1B46DD2F2B2C322900406C71 /* Release */ = {
			isa = XCBuildConfiguration;
			buildSettings = {
				ALWAYS_SEARCH_USER_PATHS = NO;
				ASSETCATALOG_COMPILER_GENERATE_SWIFT_ASSET_SYMBOL_EXTENSIONS = YES;
				CLANG_ANALYZER_NONNULL = YES;
				CLANG_ANALYZER_NUMBER_OBJECT_CONVERSION = YES_AGGRESSIVE;
				CLANG_CXX_LANGUAGE_STANDARD = "gnu++20";
				CLANG_ENABLE_MODULES = YES;
				CLANG_ENABLE_OBJC_ARC = YES;
				CLANG_ENABLE_OBJC_WEAK = YES;
				CLANG_WARN_BLOCK_CAPTURE_AUTORELEASING = YES;
				CLANG_WARN_BOOL_CONVERSION = YES;
				CLANG_WARN_COMMA = YES;
				CLANG_WARN_CONSTANT_CONVERSION = YES;
				CLANG_WARN_DEPRECATED_OBJC_IMPLEMENTATIONS = YES;
				CLANG_WARN_DIRECT_OBJC_ISA_USAGE = YES_ERROR;
				CLANG_WARN_DOCUMENTATION_COMMENTS = YES;
				CLANG_WARN_EMPTY_BODY = YES;
				CLANG_WARN_ENUM_CONVERSION = YES;
				CLANG_WARN_INFINITE_RECURSION = YES;
				CLANG_WARN_INT_CONVERSION = YES;
				CLANG_WARN_NON_LITERAL_NULL_CONVERSION = YES;
				CLANG_WARN_OBJC_IMPLICIT_RETAIN_SELF = YES;
				CLANG_WARN_OBJC_LITERAL_CONVERSION = YES;
				CLANG_WARN_OBJC_ROOT_CLASS = YES_ERROR;
				CLANG_WARN_QUOTED_INCLUDE_IN_FRAMEWORK_HEADER = YES;
				CLANG_WARN_RANGE_LOOP_ANALYSIS = YES;
				CLANG_WARN_STRICT_PROTOTYPES = YES;
				CLANG_WARN_SUSPICIOUS_MOVE = YES;
				CLANG_WARN_UNGUARDED_AVAILABILITY = YES_AGGRESSIVE;
				CLANG_WARN_UNREACHABLE_CODE = YES;
				CLANG_WARN__DUPLICATE_METHOD_MATCH = YES;
				COPY_PHASE_STRIP = NO;
				DEBUG_INFORMATION_FORMAT = "dwarf-with-dsym";
				ENABLE_NS_ASSERTIONS = NO;
				ENABLE_STRICT_OBJC_MSGSEND = YES;
				ENABLE_USER_SCRIPT_SANDBOXING = YES;
				GCC_C_LANGUAGE_STANDARD = gnu17;
				GCC_NO_COMMON_BLOCKS = YES;
				GCC_WARN_64_TO_32_BIT_CONVERSION = YES;
				GCC_WARN_ABOUT_RETURN_TYPE = YES_ERROR;
				GCC_WARN_UNDECLARED_SELECTOR = YES;
				GCC_WARN_UNINITIALIZED_AUTOS = YES_AGGRESSIVE;
				GCC_WARN_UNUSED_FUNCTION = YES;
				GCC_WARN_UNUSED_VARIABLE = YES;
				IPHONEOS_DEPLOYMENT_TARGET = 17.2;
				LOCALIZATION_PREFERS_STRING_CATALOGS = YES;
				MTL_ENABLE_DEBUG_INFO = NO;
				MTL_FAST_MATH = YES;
				SDKROOT = iphoneos;
				SWIFT_COMPILATION_MODE = wholemodule;
				VALIDATE_PRODUCT = YES;
			};
			name = Release;
		};
		1B46DD312B2C322900406C71 /* Debug */ = {
			isa = XCBuildConfiguration;
			buildSettings = {
				ASSETCATALOG_COMPILER_APPICON_NAME = AppIcon;
				ASSETCATALOG_COMPILER_GLOBAL_ACCENT_COLOR_NAME = AccentColor;
				CODE_SIGN_STYLE = Automatic;
				CURRENT_PROJECT_VERSION = 1;
				DEVELOPMENT_ASSET_PATHS = "\"TCACalculator/Preview Content\"";
				DEVELOPMENT_TEAM = L3ZPWB4HNK;
				ENABLE_PREVIEWS = YES;
				GENERATE_INFOPLIST_FILE = YES;
				INFOPLIST_KEY_UIApplicationSceneManifest_Generation = YES;
				INFOPLIST_KEY_UIApplicationSupportsIndirectInputEvents = YES;
				INFOPLIST_KEY_UILaunchScreen_Generation = YES;
				INFOPLIST_KEY_UISupportedInterfaceOrientations_iPad = "UIInterfaceOrientationPortrait UIInterfaceOrientationPortraitUpsideDown UIInterfaceOrientationLandscapeLeft UIInterfaceOrientationLandscapeRight";
				INFOPLIST_KEY_UISupportedInterfaceOrientations_iPhone = "UIInterfaceOrientationPortrait UIInterfaceOrientationLandscapeLeft UIInterfaceOrientationLandscapeRight";
				LD_RUNPATH_SEARCH_PATHS = (
					"$(inherited)",
					"@executable_path/Frameworks",
				);
				MARKETING_VERSION = 1.0;
				PRODUCT_BUNDLE_IDENTIFIER = com.sanghwiback.TCACalculator;
				PRODUCT_NAME = "$(TARGET_NAME)";
				SWIFT_EMIT_LOC_STRINGS = YES;
				SWIFT_VERSION = 5.0;
				TARGETED_DEVICE_FAMILY = "1,2";
			};
			name = Debug;
		};
		1B46DD322B2C322900406C71 /* Release */ = {
			isa = XCBuildConfiguration;
			buildSettings = {
				ASSETCATALOG_COMPILER_APPICON_NAME = AppIcon;
				ASSETCATALOG_COMPILER_GLOBAL_ACCENT_COLOR_NAME = AccentColor;
				CODE_SIGN_STYLE = Automatic;
				CURRENT_PROJECT_VERSION = 1;
				DEVELOPMENT_ASSET_PATHS = "\"TCACalculator/Preview Content\"";
				DEVELOPMENT_TEAM = L3ZPWB4HNK;
				ENABLE_PREVIEWS = YES;
				GENERATE_INFOPLIST_FILE = YES;
				INFOPLIST_KEY_UIApplicationSceneManifest_Generation = YES;
				INFOPLIST_KEY_UIApplicationSupportsIndirectInputEvents = YES;
				INFOPLIST_KEY_UILaunchScreen_Generation = YES;
				INFOPLIST_KEY_UISupportedInterfaceOrientations_iPad = "UIInterfaceOrientationPortrait UIInterfaceOrientationPortraitUpsideDown UIInterfaceOrientationLandscapeLeft UIInterfaceOrientationLandscapeRight";
				INFOPLIST_KEY_UISupportedInterfaceOrientations_iPhone = "UIInterfaceOrientationPortrait UIInterfaceOrientationLandscapeLeft UIInterfaceOrientationLandscapeRight";
				LD_RUNPATH_SEARCH_PATHS = (
					"$(inherited)",
					"@executable_path/Frameworks",
				);
				MARKETING_VERSION = 1.0;
				PRODUCT_BUNDLE_IDENTIFIER = com.sanghwiback.TCACalculator;
				PRODUCT_NAME = "$(TARGET_NAME)";
				SWIFT_EMIT_LOC_STRINGS = YES;
				SWIFT_VERSION = 5.0;
				TARGETED_DEVICE_FAMILY = "1,2";
			};
			name = Release;
		};
		1B46DD342B2C322900406C71 /* Debug */ = {
			isa = XCBuildConfiguration;
			buildSettings = {
				ALWAYS_EMBED_SWIFT_STANDARD_LIBRARIES = YES;
				BUNDLE_LOADER = "$(TEST_HOST)";
				CODE_SIGN_STYLE = Automatic;
				CURRENT_PROJECT_VERSION = 1;
				DEVELOPMENT_TEAM = L3ZPWB4HNK;
				GENERATE_INFOPLIST_FILE = YES;
				IPHONEOS_DEPLOYMENT_TARGET = 17.2;
				MARKETING_VERSION = 1.0;
				PRODUCT_BUNDLE_IDENTIFIER = com.sanghwiback.TCACalculatorTests;
				PRODUCT_NAME = "$(TARGET_NAME)";
				SWIFT_EMIT_LOC_STRINGS = NO;
				SWIFT_VERSION = 5.0;
				TARGETED_DEVICE_FAMILY = "1,2";
				TEST_HOST = "$(BUILT_PRODUCTS_DIR)/TCACalculator.app/$(BUNDLE_EXECUTABLE_FOLDER_PATH)/TCACalculator";
			};
			name = Debug;
		};
		1B46DD352B2C322900406C71 /* Release */ = {
			isa = XCBuildConfiguration;
			buildSettings = {
				ALWAYS_EMBED_SWIFT_STANDARD_LIBRARIES = YES;
				BUNDLE_LOADER = "$(TEST_HOST)";
				CODE_SIGN_STYLE = Automatic;
				CURRENT_PROJECT_VERSION = 1;
				DEVELOPMENT_TEAM = L3ZPWB4HNK;
				GENERATE_INFOPLIST_FILE = YES;
				IPHONEOS_DEPLOYMENT_TARGET = 17.2;
				MARKETING_VERSION = 1.0;
				PRODUCT_BUNDLE_IDENTIFIER = com.sanghwiback.TCACalculatorTests;
				PRODUCT_NAME = "$(TARGET_NAME)";
				SWIFT_EMIT_LOC_STRINGS = NO;
				SWIFT_VERSION = 5.0;
				TARGETED_DEVICE_FAMILY = "1,2";
				TEST_HOST = "$(BUILT_PRODUCTS_DIR)/TCACalculator.app/$(BUNDLE_EXECUTABLE_FOLDER_PATH)/TCACalculator";
			};
			name = Release;
		};
		1B46DD372B2C322900406C71 /* Debug */ = {
			isa = XCBuildConfiguration;
			buildSettings = {
				ALWAYS_EMBED_SWIFT_STANDARD_LIBRARIES = YES;
				CODE_SIGN_STYLE = Automatic;
				CURRENT_PROJECT_VERSION = 1;
				DEVELOPMENT_TEAM = L3ZPWB4HNK;
				GENERATE_INFOPLIST_FILE = YES;
				MARKETING_VERSION = 1.0;
				PRODUCT_BUNDLE_IDENTIFIER = com.sanghwiback.TCACalculatorUITests;
				PRODUCT_NAME = "$(TARGET_NAME)";
				SWIFT_EMIT_LOC_STRINGS = NO;
				SWIFT_VERSION = 5.0;
				TARGETED_DEVICE_FAMILY = "1,2";
				TEST_TARGET_NAME = TCACalculator;
			};
			name = Debug;
		};
		1B46DD382B2C322900406C71 /* Release */ = {
			isa = XCBuildConfiguration;
			buildSettings = {
				ALWAYS_EMBED_SWIFT_STANDARD_LIBRARIES = YES;
				CODE_SIGN_STYLE = Automatic;
				CURRENT_PROJECT_VERSION = 1;
				DEVELOPMENT_TEAM = L3ZPWB4HNK;
				GENERATE_INFOPLIST_FILE = YES;
				MARKETING_VERSION = 1.0;
				PRODUCT_BUNDLE_IDENTIFIER = com.sanghwiback.TCACalculatorUITests;
				PRODUCT_NAME = "$(TARGET_NAME)";
				SWIFT_EMIT_LOC_STRINGS = NO;
				SWIFT_VERSION = 5.0;
				TARGETED_DEVICE_FAMILY = "1,2";
				TEST_TARGET_NAME = TCACalculator;
			};
			name = Release;
		};
/* End XCBuildConfiguration section */

/* Begin XCConfigurationList section */
		1B46DD072B2C322700406C71 /* Build configuration list for PBXProject "TCACalculator" */ = {
			isa = XCConfigurationList;
			buildConfigurations = (
				1B46DD2E2B2C322900406C71 /* Debug */,
				1B46DD2F2B2C322900406C71 /* Release */,
			);
			defaultConfigurationIsVisible = 0;
			defaultConfigurationName = Release;
		};
		1B46DD302B2C322900406C71 /* Build configuration list for PBXNativeTarget "TCACalculator" */ = {
			isa = XCConfigurationList;
			buildConfigurations = (
				1B46DD312B2C322900406C71 /* Debug */,
				1B46DD322B2C322900406C71 /* Release */,
			);
			defaultConfigurationIsVisible = 0;
			defaultConfigurationName = Release;
		};
		1B46DD332B2C322900406C71 /* Build configuration list for PBXNativeTarget "TCACalculatorTests" */ = {
			isa = XCConfigurationList;
			buildConfigurations = (
				1B46DD342B2C322900406C71 /* Debug */,
				1B46DD352B2C322900406C71 /* Release */,
			);
			defaultConfigurationIsVisible = 0;
			defaultConfigurationName = Release;
		};
		1B46DD362B2C322900406C71 /* Build configuration list for PBXNativeTarget "TCACalculatorUITests" */ = {
			isa = XCConfigurationList;
			buildConfigurations = (
				1B46DD372B2C322900406C71 /* Debug */,
				1B46DD382B2C322900406C71 /* Release */,
			);
			defaultConfigurationIsVisible = 0;
			defaultConfigurationName = Release;
		};
/* End XCConfigurationList section */

/* Begin XCRemoteSwiftPackageReference section */
		1B46DD392B2C327C00406C71 /* XCRemoteSwiftPackageReference "swift-composable-architecture" */ = {
			isa = XCRemoteSwiftPackageReference;
			repositoryURL = "https://github.com/pointfreeco/swift-composable-architecture.git";
			requirement = {
				kind = exactVersion;
				version = 1.2.0;
			};
		};
/* End XCRemoteSwiftPackageReference section */

/* Begin XCSwiftPackageProductDependency section */
		1B46DD3A2B2C327C00406C71 /* ComposableArchitecture */ = {
			isa = XCSwiftPackageProductDependency;
			package = 1B46DD392B2C327C00406C71 /* XCRemoteSwiftPackageReference "swift-composable-architecture" */;
			productName = ComposableArchitecture;
		};
/* End XCSwiftPackageProductDependency section */
	};
	rootObject = 1B46DD042B2C322700406C71 /* Project object */;
}
